// !$*UTF8*$!
{
	archiveVersion = 1;
	classes = {
	};
	objectVersion = 46;
	objects = {

/* Begin PBXBuildFile section */
		42C1256616CD78E800F0AAEF /* UIKit.framework in Frameworks */ = {isa = PBXBuildFile; fileRef = 42C1256516CD78E800F0AAEF /* UIKit.framework */; };
		42C1256816CD78E800F0AAEF /* Foundation.framework in Frameworks */ = {isa = PBXBuildFile; fileRef = 42C1256716CD78E800F0AAEF /* Foundation.framework */; };
		42C1256A16CD78E800F0AAEF /* CoreGraphics.framework in Frameworks */ = {isa = PBXBuildFile; fileRef = 42C1256916CD78E800F0AAEF /* CoreGraphics.framework */; };
		42C1257016CD78E800F0AAEF /* InfoPlist.strings in Resources */ = {isa = PBXBuildFile; fileRef = 42C1256E16CD78E800F0AAEF /* InfoPlist.strings */; };
		42C1257216CD78E800F0AAEF /* main.m in Sources */ = {isa = PBXBuildFile; fileRef = 42C1257116CD78E800F0AAEF /* main.m */; };
		42C1257616CD78E800F0AAEF /* WKTAppDelegate.m in Sources */ = {isa = PBXBuildFile; fileRef = 42C1257516CD78E800F0AAEF /* WKTAppDelegate.m */; };
		42C1257816CD78E800F0AAEF /* Default.png in Resources */ = {isa = PBXBuildFile; fileRef = 42C1257716CD78E800F0AAEF /* Default.png */; };
		42C1257A16CD78E800F0AAEF /* Default@2x.png in Resources */ = {isa = PBXBuildFile; fileRef = 42C1257916CD78E800F0AAEF /* Default@2x.png */; };
		42C1257C16CD78E800F0AAEF /* Default-568h@2x.png in Resources */ = {isa = PBXBuildFile; fileRef = 42C1257B16CD78E800F0AAEF /* Default-568h@2x.png */; };
		42C1258916CD796600F0AAEF /* SenTestingKit.framework in Frameworks */ = {isa = PBXBuildFile; fileRef = 42C1258816CD796600F0AAEF /* SenTestingKit.framework */; };
		42C1258A16CD796600F0AAEF /* UIKit.framework in Frameworks */ = {isa = PBXBuildFile; fileRef = 42C1256516CD78E800F0AAEF /* UIKit.framework */; };
		42C1258B16CD796600F0AAEF /* Foundation.framework in Frameworks */ = {isa = PBXBuildFile; fileRef = 42C1256716CD78E800F0AAEF /* Foundation.framework */; };
		42C1259116CD796600F0AAEF /* InfoPlist.strings in Resources */ = {isa = PBXBuildFile; fileRef = 42C1258F16CD796600F0AAEF /* InfoPlist.strings */; };
		42C1259416CD796600F0AAEF /* WKTParserTest.m in Sources */ = {isa = PBXBuildFile; fileRef = 42C1259316CD796600F0AAEF /* WKTParserTest.m */; };
		42C125CB16CD7F7400F0AAEF /* MapKit.framework in Frameworks */ = {isa = PBXBuildFile; fileRef = 42C125CA16CD7F7400F0AAEF /* MapKit.framework */; };
		42C125CD16CD7F7C00F0AAEF /* CoreLocation.framework in Frameworks */ = {isa = PBXBuildFile; fileRef = 42C125CC16CD7F7C00F0AAEF /* CoreLocation.framework */; };
		42C125D016CD804D00F0AAEF /* WKTParser.m in Sources */ = {isa = PBXBuildFile; fileRef = 42C125CF16CD804D00F0AAEF /* WKTParser.m */; };
		9D498CBB04214D35914E4B44 /* libPods-WKTParserTest.a in Frameworks */ = {isa = PBXBuildFile; fileRef = 234921258013433DADB4A692 /* libPods-WKTParserTest.a */; };
/* End PBXBuildFile section */

/* Begin PBXFileReference section */
		234921258013433DADB4A692 /* libPods-WKTParserTest.a */ = {isa = PBXFileReference; explicitFileType = archive.ar; includeInIndex = 0; path = "libPods-WKTParserTest.a"; sourceTree = BUILT_PRODUCTS_DIR; };
		42C1256116CD78E800F0AAEF /* WKTParserExample.app */ = {isa = PBXFileReference; explicitFileType = wrapper.application; includeInIndex = 0; path = WKTParserExample.app; sourceTree = BUILT_PRODUCTS_DIR; };
		42C1256516CD78E800F0AAEF /* UIKit.framework */ = {isa = PBXFileReference; lastKnownFileType = wrapper.framework; name = UIKit.framework; path = System/Library/Frameworks/UIKit.framework; sourceTree = SDKROOT; };
		42C1256716CD78E800F0AAEF /* Foundation.framework */ = {isa = PBXFileReference; lastKnownFileType = wrapper.framework; name = Foundation.framework; path = System/Library/Frameworks/Foundation.framework; sourceTree = SDKROOT; };
		42C1256916CD78E800F0AAEF /* CoreGraphics.framework */ = {isa = PBXFileReference; lastKnownFileType = wrapper.framework; name = CoreGraphics.framework; path = System/Library/Frameworks/CoreGraphics.framework; sourceTree = SDKROOT; };
		42C1256D16CD78E800F0AAEF /* WKTParserExample-Info.plist */ = {isa = PBXFileReference; lastKnownFileType = text.plist.xml; path = "WKTParserExample-Info.plist"; sourceTree = "<group>"; };
		42C1256F16CD78E800F0AAEF /* en */ = {isa = PBXFileReference; lastKnownFileType = text.plist.strings; name = en; path = en.lproj/InfoPlist.strings; sourceTree = "<group>"; };
		42C1257116CD78E800F0AAEF /* main.m */ = {isa = PBXFileReference; lastKnownFileType = sourcecode.c.objc; path = main.m; sourceTree = "<group>"; };
		42C1257316CD78E800F0AAEF /* WKTParserExample-Prefix.pch */ = {isa = PBXFileReference; lastKnownFileType = sourcecode.c.h; path = "WKTParserExample-Prefix.pch"; sourceTree = "<group>"; };
		42C1257416CD78E800F0AAEF /* WKTAppDelegate.h */ = {isa = PBXFileReference; lastKnownFileType = sourcecode.c.h; path = WKTAppDelegate.h; sourceTree = "<group>"; };
		42C1257516CD78E800F0AAEF /* WKTAppDelegate.m */ = {isa = PBXFileReference; lastKnownFileType = sourcecode.c.objc; path = WKTAppDelegate.m; sourceTree = "<group>"; };
		42C1257716CD78E800F0AAEF /* Default.png */ = {isa = PBXFileReference; lastKnownFileType = image.png; path = Default.png; sourceTree = "<group>"; };
		42C1257916CD78E800F0AAEF /* Default@2x.png */ = {isa = PBXFileReference; lastKnownFileType = image.png; path = "Default@2x.png"; sourceTree = "<group>"; };
		42C1257B16CD78E800F0AAEF /* Default-568h@2x.png */ = {isa = PBXFileReference; lastKnownFileType = image.png; path = "Default-568h@2x.png"; sourceTree = "<group>"; };
		42C1258716CD796600F0AAEF /* WKTParserTest.octest */ = {isa = PBXFileReference; explicitFileType = wrapper.cfbundle; includeInIndex = 0; path = WKTParserTest.octest; sourceTree = BUILT_PRODUCTS_DIR; };
		42C1258816CD796600F0AAEF /* SenTestingKit.framework */ = {isa = PBXFileReference; lastKnownFileType = wrapper.framework; name = SenTestingKit.framework; path = Library/Frameworks/SenTestingKit.framework; sourceTree = DEVELOPER_DIR; };
		42C1258E16CD796600F0AAEF /* WKTParserTest-Info.plist */ = {isa = PBXFileReference; lastKnownFileType = text.plist.xml; path = "WKTParserTest-Info.plist"; sourceTree = "<group>"; };
		42C1259016CD796600F0AAEF /* en */ = {isa = PBXFileReference; lastKnownFileType = text.plist.strings; name = en; path = en.lproj/InfoPlist.strings; sourceTree = "<group>"; };
		42C1259216CD796600F0AAEF /* WKTParserTest.h */ = {isa = PBXFileReference; lastKnownFileType = sourcecode.c.h; path = WKTParserTest.h; sourceTree = "<group>"; };
		42C1259316CD796600F0AAEF /* WKTParserTest.m */ = {isa = PBXFileReference; lastKnownFileType = sourcecode.c.objc; path = WKTParserTest.m; sourceTree = "<group>"; };
		42C1259516CD796600F0AAEF /* WKTParserTest-Prefix.pch */ = {isa = PBXFileReference; lastKnownFileType = sourcecode.c.h; path = "WKTParserTest-Prefix.pch"; sourceTree = "<group>"; };
		42C125CA16CD7F7400F0AAEF /* MapKit.framework */ = {isa = PBXFileReference; lastKnownFileType = wrapper.framework; name = MapKit.framework; path = System/Library/Frameworks/MapKit.framework; sourceTree = SDKROOT; };
		42C125CC16CD7F7C00F0AAEF /* CoreLocation.framework */ = {isa = PBXFileReference; lastKnownFileType = wrapper.framework; name = CoreLocation.framework; path = System/Library/Frameworks/CoreLocation.framework; sourceTree = SDKROOT; };
		42C125CE16CD804D00F0AAEF /* WKTParser.h */ = {isa = PBXFileReference; fileEncoding = 4; lastKnownFileType = sourcecode.c.h; path = WKTParser.h; sourceTree = "<group>"; };
		42C125CF16CD804D00F0AAEF /* WKTParser.m */ = {isa = PBXFileReference; fileEncoding = 4; lastKnownFileType = sourcecode.c.objc; path = WKTParser.m; sourceTree = "<group>"; };
		C7724BA7BFC7420C893585B7 /* Pods-WKTParserTest.xcconfig */ = {isa = PBXFileReference; includeInIndex = 1; lastKnownFileType = text.xcconfig; name = "Pods-WKTParserTest.xcconfig"; path = "Pods/Pods-WKTParserTest.xcconfig"; sourceTree = SOURCE_ROOT; };
/* End PBXFileReference section */

/* Begin PBXFrameworksBuildPhase section */
		42C1255E16CD78E800F0AAEF /* Frameworks */ = {
			isa = PBXFrameworksBuildPhase;
			buildActionMask = 2147483647;
			files = (
				42C125CD16CD7F7C00F0AAEF /* CoreLocation.framework in Frameworks */,
				42C125CB16CD7F7400F0AAEF /* MapKit.framework in Frameworks */,
				42C1256616CD78E800F0AAEF /* UIKit.framework in Frameworks */,
				42C1256816CD78E800F0AAEF /* Foundation.framework in Frameworks */,
				42C1256A16CD78E800F0AAEF /* CoreGraphics.framework in Frameworks */,
			);
			runOnlyForDeploymentPostprocessing = 0;
		};
		42C1258316CD796600F0AAEF /* Frameworks */ = {
			isa = PBXFrameworksBuildPhase;
			buildActionMask = 2147483647;
			files = (
				42C1258916CD796600F0AAEF /* SenTestingKit.framework in Frameworks */,
				42C1258A16CD796600F0AAEF /* UIKit.framework in Frameworks */,
				42C1258B16CD796600F0AAEF /* Foundation.framework in Frameworks */,
				9D498CBB04214D35914E4B44 /* libPods-WKTParserTest.a in Frameworks */,
			);
			runOnlyForDeploymentPostprocessing = 0;
		};
/* End PBXFrameworksBuildPhase section */

/* Begin PBXGroup section */
		42C1255616CD78E800F0AAEF = {
			isa = PBXGroup;
			children = (
				42C125C516CD7EC200F0AAEF /* WKTParser */,
				42C1256B16CD78E800F0AAEF /* WKTParserExample */,
				42C1258C16CD796600F0AAEF /* WKTParserTest */,
				42C1256416CD78E800F0AAEF /* Frameworks */,
				42C1256216CD78E800F0AAEF /* Products */,
				C7724BA7BFC7420C893585B7 /* Pods-WKTParserTest.xcconfig */,
			);
			sourceTree = "<group>";
		};
		42C1256216CD78E800F0AAEF /* Products */ = {
			isa = PBXGroup;
			children = (
				42C1256116CD78E800F0AAEF /* WKTParserExample.app */,
				42C1258716CD796600F0AAEF /* WKTParserTest.octest */,
			);
			name = Products;
			sourceTree = "<group>";
		};
		42C1256416CD78E800F0AAEF /* Frameworks */ = {
			isa = PBXGroup;
			children = (
				42C125CC16CD7F7C00F0AAEF /* CoreLocation.framework */,
				42C125CA16CD7F7400F0AAEF /* MapKit.framework */,
				42C1256516CD78E800F0AAEF /* UIKit.framework */,
				42C1256716CD78E800F0AAEF /* Foundation.framework */,
				42C1256916CD78E800F0AAEF /* CoreGraphics.framework */,
				42C1258816CD796600F0AAEF /* SenTestingKit.framework */,
				234921258013433DADB4A692 /* libPods-WKTParserTest.a */,
			);
			name = Frameworks;
			sourceTree = "<group>";
		};
		42C1256B16CD78E800F0AAEF /* WKTParserExample */ = {
			isa = PBXGroup;
			children = (
				42C1257416CD78E800F0AAEF /* WKTAppDelegate.h */,
				42C1257516CD78E800F0AAEF /* WKTAppDelegate.m */,
				42C1256C16CD78E800F0AAEF /* Supporting Files */,
			);
			path = WKTParserExample;
			sourceTree = "<group>";
		};
		42C1256C16CD78E800F0AAEF /* Supporting Files */ = {
			isa = PBXGroup;
			children = (
				42C1256D16CD78E800F0AAEF /* WKTParserExample-Info.plist */,
				42C1256E16CD78E800F0AAEF /* InfoPlist.strings */,
				42C1257116CD78E800F0AAEF /* main.m */,
				42C1257316CD78E800F0AAEF /* WKTParserExample-Prefix.pch */,
				42C1257716CD78E800F0AAEF /* Default.png */,
				42C1257916CD78E800F0AAEF /* Default@2x.png */,
				42C1257B16CD78E800F0AAEF /* Default-568h@2x.png */,
			);
			name = "Supporting Files";
			sourceTree = "<group>";
		};
		42C1258C16CD796600F0AAEF /* WKTParserTest */ = {
			isa = PBXGroup;
			children = (
				42C1259216CD796600F0AAEF /* WKTParserTest.h */,
				42C1259316CD796600F0AAEF /* WKTParserTest.m */,
				42C1258D16CD796600F0AAEF /* Supporting Files */,
			);
			path = WKTParserTest;
			sourceTree = "<group>";
		};
		42C1258D16CD796600F0AAEF /* Supporting Files */ = {
			isa = PBXGroup;
			children = (
				42C1258E16CD796600F0AAEF /* WKTParserTest-Info.plist */,
				42C1258F16CD796600F0AAEF /* InfoPlist.strings */,
				42C1259516CD796600F0AAEF /* WKTParserTest-Prefix.pch */,
			);
			name = "Supporting Files";
			sourceTree = "<group>";
		};
		42C125C516CD7EC200F0AAEF /* WKTParser */ = {
			isa = PBXGroup;
			children = (
				42C125CE16CD804D00F0AAEF /* WKTParser.h */,
				42C125CF16CD804D00F0AAEF /* WKTParser.m */,
			);
			path = WKTParser;
			sourceTree = "<group>";
		};
/* End PBXGroup section */

/* Begin PBXNativeTarget section */
		42C1256016CD78E800F0AAEF /* WKTParserExample */ = {
			isa = PBXNativeTarget;
			buildConfigurationList = 42C1257F16CD78E800F0AAEF /* Build configuration list for PBXNativeTarget "WKTParserExample" */;
			buildPhases = (
				42C1255D16CD78E800F0AAEF /* Sources */,
				42C1255E16CD78E800F0AAEF /* Frameworks */,
				42C1255F16CD78E800F0AAEF /* Resources */,
			);
			buildRules = (
			);
			dependencies = (
			);
			name = WKTParserExample;
			productName = WKTParserExample;
			productReference = 42C1256116CD78E800F0AAEF /* WKTParserExample.app */;
			productType = "com.apple.product-type.application";
		};
		42C1258616CD796600F0AAEF /* WKTParserTest */ = {
			isa = PBXNativeTarget;
			buildConfigurationList = 42C1259616CD796600F0AAEF /* Build configuration list for PBXNativeTarget "WKTParserTest" */;
			buildPhases = (
				42C1258216CD796600F0AAEF /* Sources */,
				42C1258316CD796600F0AAEF /* Frameworks */,
				42C1258416CD796600F0AAEF /* Resources */,
				42C1258516CD796600F0AAEF /* ShellScript */,
				614D537F024146CFB4B3E93A /* Copy Pods Resources */,
			);
			buildRules = (
			);
			dependencies = (
			);
			name = WKTParserTest;
			productName = WKTParserTest;
			productReference = 42C1258716CD796600F0AAEF /* WKTParserTest.octest */;
			productType = "com.apple.product-type.bundle";
		};
/* End PBXNativeTarget section */

/* Begin PBXProject section */
		42C1255816CD78E800F0AAEF /* Project object */ = {
			isa = PBXProject;
			attributes = {
				CLASSPREFIX = WKT;
				LastUpgradeCheck = 0450;
				ORGANIZATIONNAME = "Joel Turnbull";
			};
			buildConfigurationList = 42C1255B16CD78E800F0AAEF /* Build configuration list for PBXProject "WKTParserExample" */;
			compatibilityVersion = "Xcode 3.2";
			developmentRegion = English;
			hasScannedForEncodings = 0;
			knownRegions = (
				en,
			);
			mainGroup = 42C1255616CD78E800F0AAEF;
			productRefGroup = 42C1256216CD78E800F0AAEF /* Products */;
			projectDirPath = "";
			projectRoot = "";
			targets = (
				42C1256016CD78E800F0AAEF /* WKTParserExample */,
				42C1258616CD796600F0AAEF /* WKTParserTest */,
			);
		};
/* End PBXProject section */

/* Begin PBXResourcesBuildPhase section */
		42C1255F16CD78E800F0AAEF /* Resources */ = {
			isa = PBXResourcesBuildPhase;
			buildActionMask = 2147483647;
			files = (
				42C1257016CD78E800F0AAEF /* InfoPlist.strings in Resources */,
				42C1257816CD78E800F0AAEF /* Default.png in Resources */,
				42C1257A16CD78E800F0AAEF /* Default@2x.png in Resources */,
				42C1257C16CD78E800F0AAEF /* Default-568h@2x.png in Resources */,
			);
			runOnlyForDeploymentPostprocessing = 0;
		};
		42C1258416CD796600F0AAEF /* Resources */ = {
			isa = PBXResourcesBuildPhase;
			buildActionMask = 2147483647;
			files = (
				42C1259116CD796600F0AAEF /* InfoPlist.strings in Resources */,
			);
			runOnlyForDeploymentPostprocessing = 0;
		};
/* End PBXResourcesBuildPhase section */

/* Begin PBXShellScriptBuildPhase section */
		42C1258516CD796600F0AAEF /* ShellScript */ = {
			isa = PBXShellScriptBuildPhase;
			buildActionMask = 2147483647;
			files = (
			);
			inputPaths = (
			);
			outputPaths = (
			);
			runOnlyForDeploymentPostprocessing = 0;
			shellPath = /bin/sh;
			shellScript = "# Run the unit tests in this test bundle.\n\"${SYSTEM_DEVELOPER_DIR}/Tools/RunUnitTests\"\n";
		};
		614D537F024146CFB4B3E93A /* Copy Pods Resources */ = {
			isa = PBXShellScriptBuildPhase;
			buildActionMask = 2147483647;
			files = (
			);
			inputPaths = (
			);
			name = "Copy Pods Resources";
			outputPaths = (
			);
			runOnlyForDeploymentPostprocessing = 0;
			shellPath = /bin/sh;
			shellScript = "\"${SRCROOT}/Pods/Pods-WKTParserTest-resources.sh\"\n";
		};
/* End PBXShellScriptBuildPhase section */

/* Begin PBXSourcesBuildPhase section */
		42C1255D16CD78E800F0AAEF /* Sources */ = {
			isa = PBXSourcesBuildPhase;
			buildActionMask = 2147483647;
			files = (
				42C1257216CD78E800F0AAEF /* main.m in Sources */,
				42C1257616CD78E800F0AAEF /* WKTAppDelegate.m in Sources */,
				42C125D016CD804D00F0AAEF /* WKTParser.m in Sources */,
			);
			runOnlyForDeploymentPostprocessing = 0;
		};
		42C1258216CD796600F0AAEF /* Sources */ = {
			isa = PBXSourcesBuildPhase;
			buildActionMask = 2147483647;
			files = (
				42C1259416CD796600F0AAEF /* WKTParserTest.m in Sources */,
			);
			runOnlyForDeploymentPostprocessing = 0;
		};
/* End PBXSourcesBuildPhase section */

/* Begin PBXVariantGroup section */
		42C1256E16CD78E800F0AAEF /* InfoPlist.strings */ = {
			isa = PBXVariantGroup;
			children = (
				42C1256F16CD78E800F0AAEF /* en */,
			);
			name = InfoPlist.strings;
			sourceTree = "<group>";
		};
		42C1258F16CD796600F0AAEF /* InfoPlist.strings */ = {
			isa = PBXVariantGroup;
			children = (
				42C1259016CD796600F0AAEF /* en */,
			);
			name = InfoPlist.strings;
			sourceTree = "<group>";
		};
/* End PBXVariantGroup section */

/* Begin XCBuildConfiguration section */
		42C1257D16CD78E800F0AAEF /* Debug */ = {
			isa = XCBuildConfiguration;
			buildSettings = {
				ALWAYS_SEARCH_USER_PATHS = NO;
				CLANG_CXX_LANGUAGE_STANDARD = "gnu++0x";
				CLANG_CXX_LIBRARY = "libc++";
				CLANG_ENABLE_OBJC_ARC = YES;
				CLANG_WARN_EMPTY_BODY = YES;
				CLANG_WARN__DUPLICATE_METHOD_MATCH = YES;
				"CODE_SIGN_IDENTITY[sdk=iphoneos*]" = "iPhone Developer";
				COPY_PHASE_STRIP = NO;
				GCC_C_LANGUAGE_STANDARD = gnu99;
				GCC_DYNAMIC_NO_PIC = NO;
				GCC_OPTIMIZATION_LEVEL = 0;
				GCC_PREPROCESSOR_DEFINITIONS = (
					"DEBUG=1",
					"$(inherited)",
				);
				GCC_SYMBOLS_PRIVATE_EXTERN = NO;
				GCC_WARN_ABOUT_RETURN_TYPE = YES;
				GCC_WARN_UNINITIALIZED_AUTOS = YES;
				GCC_WARN_UNUSED_VARIABLE = YES;
				IPHONEOS_DEPLOYMENT_TARGET = 6.0;
				ONLY_ACTIVE_ARCH = YES;
				SDKROOT = iphoneos;
				TARGETED_DEVICE_FAMILY = "1,2";
			};
			name = Debug;
		};
		42C1257E16CD78E800F0AAEF /* Release */ = {
			isa = XCBuildConfiguration;
			buildSettings = {
				ALWAYS_SEARCH_USER_PATHS = NO;
				CLANG_CXX_LANGUAGE_STANDARD = "gnu++0x";
				CLANG_CXX_LIBRARY = "libc++";
				CLANG_ENABLE_OBJC_ARC = YES;
				CLANG_WARN_EMPTY_BODY = YES;
				CLANG_WARN__DUPLICATE_METHOD_MATCH = YES;
				"CODE_SIGN_IDENTITY[sdk=iphoneos*]" = "iPhone Developer";
				COPY_PHASE_STRIP = YES;
				GCC_C_LANGUAGE_STANDARD = gnu99;
				GCC_WARN_ABOUT_RETURN_TYPE = YES;
				GCC_WARN_UNINITIALIZED_AUTOS = YES;
				GCC_WARN_UNUSED_VARIABLE = YES;
				IPHONEOS_DEPLOYMENT_TARGET = 6.0;
				OTHER_CFLAGS = "-DNS_BLOCK_ASSERTIONS=1";
				SDKROOT = iphoneos;
				TARGETED_DEVICE_FAMILY = "1,2";
				VALIDATE_PRODUCT = YES;
			};
			name = Release;
		};
		42C1258016CD78E800F0AAEF /* Debug */ = {
			isa = XCBuildConfiguration;
			buildSettings = {
				GCC_PRECOMPILE_PREFIX_HEADER = YES;
				GCC_PREFIX_HEADER = "WKTParserExample/WKTParserExample-Prefix.pch";
				INFOPLIST_FILE = "WKTParserExample/WKTParserExample-Info.plist";
				PRODUCT_NAME = "$(TARGET_NAME)";
				WRAPPER_EXTENSION = app;
			};
			name = Debug;
		};
		42C1258116CD78E800F0AAEF /* Release */ = {
			isa = XCBuildConfiguration;
			buildSettings = {
				GCC_PRECOMPILE_PREFIX_HEADER = YES;
				GCC_PREFIX_HEADER = "WKTParserExample/WKTParserExample-Prefix.pch";
				INFOPLIST_FILE = "WKTParserExample/WKTParserExample-Info.plist";
				PRODUCT_NAME = "$(TARGET_NAME)";
				WRAPPER_EXTENSION = app;
			};
			name = Release;
		};
		42C1259716CD796600F0AAEF /* Debug */ = {
			isa = XCBuildConfiguration;
			baseConfigurationReference = C7724BA7BFC7420C893585B7 /* Pods-WKTParserTest.xcconfig */;
			buildSettings = {
				BUNDLE_LOADER = "$(BUILT_PRODUCTS_DIR)/WKTParserExample.app/WKTParserExample";
				FRAMEWORK_SEARCH_PATHS = (
					"\"$(SDKROOT)/Developer/Library/Frameworks\"",
					"\"$(DEVELOPER_LIBRARY_DIR)/Frameworks\"",
				);
				GCC_PRECOMPILE_PREFIX_HEADER = YES;
				GCC_PREFIX_HEADER = "WKTParserTest/WKTParserTest-Prefix.pch";
				INFOPLIST_FILE = "WKTParserTest/WKTParserTest-Info.plist";
				PRODUCT_NAME = "$(TARGET_NAME)";
				WRAPPER_EXTENSION = octest;
			};
			name = Debug;
		};
		42C1259816CD796600F0AAEF /* Release */ = {
			isa = XCBuildConfiguration;
			baseConfigurationReference = C7724BA7BFC7420C893585B7 /* Pods-WKTParserTest.xcconfig */;
			buildSettings = {
				BUNDLE_LOADER = "$(BUILT_PRODUCTS_DIR)/WKTParserExample.app/WKTParserExample";
				FRAMEWORK_SEARCH_PATHS = (
					"\"$(SDKROOT)/Developer/Library/Frameworks\"",
					"\"$(DEVELOPER_LIBRARY_DIR)/Frameworks\"",
				);
				GCC_PRECOMPILE_PREFIX_HEADER = YES;
				GCC_PREFIX_HEADER = "WKTParserTest/WKTParserTest-Prefix.pch";
				INFOPLIST_FILE = "WKTParserTest/WKTParserTest-Info.plist";
				PRODUCT_NAME = "$(TARGET_NAME)";
				WRAPPER_EXTENSION = octest;
			};
			name = Release;
		};
/* End XCBuildConfiguration section */

/* Begin XCConfigurationList section */
		42C1255B16CD78E800F0AAEF /* Build configuration list for PBXProject "WKTParserExample" */ = {
			isa = XCConfigurationList;
			buildConfigurations = (
				42C1257D16CD78E800F0AAEF /* Debug */,
				42C1257E16CD78E800F0AAEF /* Release */,
			);
			defaultConfigurationIsVisible = 0;
			defaultConfigurationName = Release;
		};
		42C1257F16CD78E800F0AAEF /* Build configuration list for PBXNativeTarget "WKTParserExample" */ = {
			isa = XCConfigurationList;
			buildConfigurations = (
				42C1258016CD78E800F0AAEF /* Debug */,
				42C1258116CD78E800F0AAEF /* Release */,
			);
			defaultConfigurationIsVisible = 0;
			defaultConfigurationName = Release;
		};
		42C1259616CD796600F0AAEF /* Build configuration list for PBXNativeTarget "WKTParserTest" */ = {
			isa = XCConfigurationList;
			buildConfigurations = (
				42C1259716CD796600F0AAEF /* Debug */,
				42C1259816CD796600F0AAEF /* Release */,
			);
			defaultConfigurationIsVisible = 0;
			defaultConfigurationName = Release;
		};
/* End XCConfigurationList section */
	};
	rootObject = 42C1255816CD78E800F0AAEF /* Project object */;
}
