<?xml version="1.0" encoding="UTF-8"?>
<!DOCTYPE plist PUBLIC "-//Apple//DTD PLIST 1.0//EN" "http://www.apple.com/DTDs/PropertyList-1.0.dtd">
<plist version="1.0">
<dict>
	<key>archiveVersion</key>
	<string>1</string>
	<key>classes</key>
	<dict/>
	<key>objectVersion</key>
	<string>46</string>
	<key>objects</key>
	<dict>
		<key>234921258013433DADB4A692</key>
		<dict>
			<key>explicitFileType</key>
			<string>archive.ar</string>
			<key>includeInIndex</key>
			<string>0</string>
			<key>isa</key>
			<string>PBXFileReference</string>
			<key>name</key>
			<string>libPods-WKTParserTest.a</string>
			<key>path</key>
			<string>libPods-WKTParserTest.a</string>
			<key>sourceTree</key>
			<string>BUILT_PRODUCTS_DIR</string>
		</dict>
		<key>42C1255616CD78E800F0AAEF</key>
		<dict>
			<key>children</key>
			<array>
				<string>42C1256B16CD78E800F0AAEF</string>
				<string>42C1258C16CD796600F0AAEF</string>
				<string>42C1256416CD78E800F0AAEF</string>
				<string>42C1256216CD78E800F0AAEF</string>
				<string>C7724BA7BFC7420C893585B7</string>
			</array>
			<key>isa</key>
			<string>PBXGroup</string>
			<key>sourceTree</key>
			<string>&lt;group&gt;</string>
		</dict>
		<key>42C1255816CD78E800F0AAEF</key>
		<dict>
			<key>attributes</key>
			<dict>
				<key>CLASSPREFIX</key>
				<string>WKT</string>
				<key>LastUpgradeCheck</key>
				<string>0450</string>
				<key>ORGANIZATIONNAME</key>
				<string>Joel Turnbull</string>
			</dict>
			<key>buildConfigurationList</key>
			<string>42C1255B16CD78E800F0AAEF</string>
			<key>compatibilityVersion</key>
			<string>Xcode 3.2</string>
			<key>developmentRegion</key>
			<string>English</string>
			<key>hasScannedForEncodings</key>
			<string>0</string>
			<key>isa</key>
			<string>PBXProject</string>
			<key>knownRegions</key>
			<array>
				<string>en</string>
			</array>
			<key>mainGroup</key>
			<string>42C1255616CD78E800F0AAEF</string>
			<key>productRefGroup</key>
			<string>42C1256216CD78E800F0AAEF</string>
			<key>projectDirPath</key>
			<string></string>
			<key>projectReferences</key>
			<array/>
			<key>projectRoot</key>
			<string></string>
			<key>targets</key>
			<array>
				<string>42C1256016CD78E800F0AAEF</string>
				<string>42C1258616CD796600F0AAEF</string>
			</array>
		</dict>
		<key>42C1255B16CD78E800F0AAEF</key>
		<dict>
			<key>buildConfigurations</key>
			<array>
				<string>42C1257D16CD78E800F0AAEF</string>
				<string>42C1257E16CD78E800F0AAEF</string>
			</array>
			<key>defaultConfigurationIsVisible</key>
			<string>0</string>
			<key>defaultConfigurationName</key>
			<string>Release</string>
			<key>isa</key>
			<string>XCConfigurationList</string>
		</dict>
		<key>42C1255D16CD78E800F0AAEF</key>
		<dict>
			<key>buildActionMask</key>
			<string>2147483647</string>
			<key>files</key>
			<array>
				<string>42C1257216CD78E800F0AAEF</string>
				<string>42C1257616CD78E800F0AAEF</string>
			</array>
			<key>isa</key>
			<string>PBXSourcesBuildPhase</string>
			<key>runOnlyForDeploymentPostprocessing</key>
			<string>0</string>
		</dict>
		<key>42C1255E16CD78E800F0AAEF</key>
		<dict>
			<key>buildActionMask</key>
			<string>2147483647</string>
			<key>files</key>
			<array>
				<string>42C1256616CD78E800F0AAEF</string>
				<string>42C1256816CD78E800F0AAEF</string>
				<string>42C1256A16CD78E800F0AAEF</string>
			</array>
			<key>isa</key>
			<string>PBXFrameworksBuildPhase</string>
			<key>runOnlyForDeploymentPostprocessing</key>
			<string>0</string>
		</dict>
		<key>42C1255F16CD78E800F0AAEF</key>
		<dict>
			<key>buildActionMask</key>
			<string>2147483647</string>
			<key>files</key>
			<array>
				<string>42C1257016CD78E800F0AAEF</string>
				<string>42C1257816CD78E800F0AAEF</string>
				<string>42C1257A16CD78E800F0AAEF</string>
				<string>42C1257C16CD78E800F0AAEF</string>
			</array>
			<key>isa</key>
			<string>PBXResourcesBuildPhase</string>
			<key>runOnlyForDeploymentPostprocessing</key>
			<string>0</string>
		</dict>
		<key>42C1256016CD78E800F0AAEF</key>
		<dict>
			<key>buildConfigurationList</key>
			<string>42C1257F16CD78E800F0AAEF</string>
			<key>buildPhases</key>
			<array>
				<string>42C1255D16CD78E800F0AAEF</string>
				<string>42C1255E16CD78E800F0AAEF</string>
				<string>42C1255F16CD78E800F0AAEF</string>
			</array>
			<key>buildRules</key>
			<array/>
			<key>dependencies</key>
			<array/>
			<key>isa</key>
			<string>PBXNativeTarget</string>
			<key>name</key>
			<string>WKTParserExample</string>
			<key>productName</key>
			<string>WKTParserExample</string>
			<key>productReference</key>
			<string>42C1256116CD78E800F0AAEF</string>
			<key>productType</key>
			<string>com.apple.product-type.application</string>
		</dict>
		<key>42C1256116CD78E800F0AAEF</key>
		<dict>
			<key>explicitFileType</key>
			<string>wrapper.application</string>
			<key>includeInIndex</key>
			<string>0</string>
			<key>isa</key>
			<string>PBXFileReference</string>
			<key>path</key>
			<string>WKTParserExample.app</string>
			<key>sourceTree</key>
			<string>BUILT_PRODUCTS_DIR</string>
		</dict>
		<key>42C1256216CD78E800F0AAEF</key>
		<dict>
			<key>children</key>
			<array>
				<string>42C1256116CD78E800F0AAEF</string>
				<string>42C1258716CD796600F0AAEF</string>
			</array>
			<key>isa</key>
			<string>PBXGroup</string>
			<key>name</key>
			<string>Products</string>
			<key>sourceTree</key>
			<string>&lt;group&gt;</string>
		</dict>
		<key>42C1256416CD78E800F0AAEF</key>
		<dict>
			<key>children</key>
			<array>
				<string>42C1256516CD78E800F0AAEF</string>
				<string>42C1256716CD78E800F0AAEF</string>
				<string>42C1256916CD78E800F0AAEF</string>
				<string>42C1258816CD796600F0AAEF</string>
				<string>234921258013433DADB4A692</string>
			</array>
			<key>isa</key>
			<string>PBXGroup</string>
			<key>name</key>
			<string>Frameworks</string>
			<key>sourceTree</key>
			<string>&lt;group&gt;</string>
		</dict>
		<key>42C1256516CD78E800F0AAEF</key>
		<dict>
			<key>isa</key>
			<string>PBXFileReference</string>
			<key>lastKnownFileType</key>
			<string>wrapper.framework</string>
			<key>name</key>
			<string>UIKit.framework</string>
			<key>path</key>
			<string>System/Library/Frameworks/UIKit.framework</string>
			<key>sourceTree</key>
			<string>SDKROOT</string>
		</dict>
		<key>42C1256616CD78E800F0AAEF</key>
		<dict>
			<key>fileRef</key>
			<string>42C1256516CD78E800F0AAEF</string>
			<key>isa</key>
			<string>PBXBuildFile</string>
		</dict>
		<key>42C1256716CD78E800F0AAEF</key>
		<dict>
			<key>isa</key>
			<string>PBXFileReference</string>
			<key>lastKnownFileType</key>
			<string>wrapper.framework</string>
			<key>name</key>
			<string>Foundation.framework</string>
			<key>path</key>
			<string>System/Library/Frameworks/Foundation.framework</string>
			<key>sourceTree</key>
			<string>SDKROOT</string>
		</dict>
		<key>42C1256816CD78E800F0AAEF</key>
		<dict>
			<key>fileRef</key>
			<string>42C1256716CD78E800F0AAEF</string>
			<key>isa</key>
			<string>PBXBuildFile</string>
		</dict>
		<key>42C1256916CD78E800F0AAEF</key>
		<dict>
			<key>isa</key>
			<string>PBXFileReference</string>
			<key>lastKnownFileType</key>
			<string>wrapper.framework</string>
			<key>name</key>
			<string>CoreGraphics.framework</string>
			<key>path</key>
			<string>System/Library/Frameworks/CoreGraphics.framework</string>
			<key>sourceTree</key>
			<string>SDKROOT</string>
		</dict>
		<key>42C1256A16CD78E800F0AAEF</key>
		<dict>
			<key>fileRef</key>
			<string>42C1256916CD78E800F0AAEF</string>
			<key>isa</key>
			<string>PBXBuildFile</string>
		</dict>
		<key>42C1256B16CD78E800F0AAEF</key>
		<dict>
			<key>children</key>
			<array>
				<string>42C1257416CD78E800F0AAEF</string>
				<string>42C1257516CD78E800F0AAEF</string>
				<string>42C1256C16CD78E800F0AAEF</string>
			</array>
			<key>isa</key>
			<string>PBXGroup</string>
			<key>path</key>
			<string>WKTParserExample</string>
			<key>sourceTree</key>
			<string>&lt;group&gt;</string>
		</dict>
		<key>42C1256C16CD78E800F0AAEF</key>
		<dict>
			<key>children</key>
			<array>
				<string>42C1256D16CD78E800F0AAEF</string>
				<string>42C1256E16CD78E800F0AAEF</string>
				<string>42C1257116CD78E800F0AAEF</string>
				<string>42C1257316CD78E800F0AAEF</string>
				<string>42C1257716CD78E800F0AAEF</string>
				<string>42C1257916CD78E800F0AAEF</string>
				<string>42C1257B16CD78E800F0AAEF</string>
			</array>
			<key>isa</key>
			<string>PBXGroup</string>
			<key>name</key>
			<string>Supporting Files</string>
			<key>sourceTree</key>
			<string>&lt;group&gt;</string>
		</dict>
		<key>42C1256D16CD78E800F0AAEF</key>
		<dict>
			<key>isa</key>
			<string>PBXFileReference</string>
			<key>lastKnownFileType</key>
			<string>text.plist.xml</string>
			<key>path</key>
			<string>WKTParserExample-Info.plist</string>
			<key>sourceTree</key>
			<string>&lt;group&gt;</string>
		</dict>
		<key>42C1256E16CD78E800F0AAEF</key>
		<dict>
			<key>children</key>
			<array>
				<string>42C1256F16CD78E800F0AAEF</string>
			</array>
			<key>isa</key>
			<string>PBXVariantGroup</string>
			<key>name</key>
			<string>InfoPlist.strings</string>
			<key>sourceTree</key>
			<string>&lt;group&gt;</string>
		</dict>
		<key>42C1256F16CD78E800F0AAEF</key>
		<dict>
			<key>isa</key>
			<string>PBXFileReference</string>
			<key>lastKnownFileType</key>
			<string>text.plist.strings</string>
			<key>name</key>
			<string>en</string>
			<key>path</key>
			<string>en.lproj/InfoPlist.strings</string>
			<key>sourceTree</key>
			<string>&lt;group&gt;</string>
		</dict>
		<key>42C1257016CD78E800F0AAEF</key>
		<dict>
			<key>fileRef</key>
			<string>42C1256E16CD78E800F0AAEF</string>
			<key>isa</key>
			<string>PBXBuildFile</string>
		</dict>
		<key>42C1257116CD78E800F0AAEF</key>
		<dict>
			<key>isa</key>
			<string>PBXFileReference</string>
			<key>lastKnownFileType</key>
			<string>sourcecode.c.objc</string>
			<key>path</key>
			<string>main.m</string>
			<key>sourceTree</key>
			<string>&lt;group&gt;</string>
		</dict>
		<key>42C1257216CD78E800F0AAEF</key>
		<dict>
			<key>fileRef</key>
			<string>42C1257116CD78E800F0AAEF</string>
			<key>isa</key>
			<string>PBXBuildFile</string>
		</dict>
		<key>42C1257316CD78E800F0AAEF</key>
		<dict>
			<key>isa</key>
			<string>PBXFileReference</string>
			<key>lastKnownFileType</key>
			<string>sourcecode.c.h</string>
			<key>path</key>
			<string>WKTParserExample-Prefix.pch</string>
			<key>sourceTree</key>
			<string>&lt;group&gt;</string>
		</dict>
		<key>42C1257416CD78E800F0AAEF</key>
		<dict>
			<key>isa</key>
			<string>PBXFileReference</string>
			<key>lastKnownFileType</key>
			<string>sourcecode.c.h</string>
			<key>path</key>
			<string>WKTAppDelegate.h</string>
			<key>sourceTree</key>
			<string>&lt;group&gt;</string>
		</dict>
		<key>42C1257516CD78E800F0AAEF</key>
		<dict>
			<key>isa</key>
			<string>PBXFileReference</string>
			<key>lastKnownFileType</key>
			<string>sourcecode.c.objc</string>
			<key>path</key>
			<string>WKTAppDelegate.m</string>
			<key>sourceTree</key>
			<string>&lt;group&gt;</string>
		</dict>
		<key>42C1257616CD78E800F0AAEF</key>
		<dict>
			<key>fileRef</key>
			<string>42C1257516CD78E800F0AAEF</string>
			<key>isa</key>
			<string>PBXBuildFile</string>
		</dict>
		<key>42C1257716CD78E800F0AAEF</key>
		<dict>
			<key>isa</key>
			<string>PBXFileReference</string>
			<key>lastKnownFileType</key>
			<string>image.png</string>
			<key>path</key>
			<string>Default.png</string>
			<key>sourceTree</key>
			<string>&lt;group&gt;</string>
		</dict>
		<key>42C1257816CD78E800F0AAEF</key>
		<dict>
			<key>fileRef</key>
			<string>42C1257716CD78E800F0AAEF</string>
			<key>isa</key>
			<string>PBXBuildFile</string>
		</dict>
		<key>42C1257916CD78E800F0AAEF</key>
		<dict>
			<key>isa</key>
			<string>PBXFileReference</string>
			<key>lastKnownFileType</key>
			<string>image.png</string>
			<key>path</key>
			<string>Default@2x.png</string>
			<key>sourceTree</key>
			<string>&lt;group&gt;</string>
		</dict>
		<key>42C1257A16CD78E800F0AAEF</key>
		<dict>
			<key>fileRef</key>
			<string>42C1257916CD78E800F0AAEF</string>
			<key>isa</key>
			<string>PBXBuildFile</string>
		</dict>
		<key>42C1257B16CD78E800F0AAEF</key>
		<dict>
			<key>isa</key>
			<string>PBXFileReference</string>
			<key>lastKnownFileType</key>
			<string>image.png</string>
			<key>path</key>
			<string>Default-568h@2x.png</string>
			<key>sourceTree</key>
			<string>&lt;group&gt;</string>
		</dict>
		<key>42C1257C16CD78E800F0AAEF</key>
		<dict>
			<key>fileRef</key>
			<string>42C1257B16CD78E800F0AAEF</string>
			<key>isa</key>
			<string>PBXBuildFile</string>
		</dict>
		<key>42C1257D16CD78E800F0AAEF</key>
		<dict>
			<key>buildSettings</key>
			<dict>
				<key>ALWAYS_SEARCH_USER_PATHS</key>
				<string>NO</string>
				<key>CLANG_CXX_LANGUAGE_STANDARD</key>
				<string>gnu++0x</string>
				<key>CLANG_CXX_LIBRARY</key>
				<string>libc++</string>
				<key>CLANG_ENABLE_OBJC_ARC</key>
				<string>YES</string>
				<key>CLANG_WARN_EMPTY_BODY</key>
				<string>YES</string>
				<key>CLANG_WARN__DUPLICATE_METHOD_MATCH</key>
				<string>YES</string>
				<key>CODE_SIGN_IDENTITY[sdk=iphoneos*]</key>
				<string>iPhone Developer</string>
				<key>COPY_PHASE_STRIP</key>
				<string>NO</string>
				<key>GCC_C_LANGUAGE_STANDARD</key>
				<string>gnu99</string>
				<key>GCC_DYNAMIC_NO_PIC</key>
				<string>NO</string>
				<key>GCC_OPTIMIZATION_LEVEL</key>
				<string>0</string>
				<key>GCC_PREPROCESSOR_DEFINITIONS</key>
				<array>
					<string>DEBUG=1</string>
					<string>$(inherited)</string>
				</array>
				<key>GCC_SYMBOLS_PRIVATE_EXTERN</key>
				<string>NO</string>
				<key>GCC_WARN_ABOUT_RETURN_TYPE</key>
				<string>YES</string>
				<key>GCC_WARN_UNINITIALIZED_AUTOS</key>
				<string>YES</string>
				<key>GCC_WARN_UNUSED_VARIABLE</key>
				<string>YES</string>
				<key>IPHONEOS_DEPLOYMENT_TARGET</key>
				<string>6.0</string>
				<key>ONLY_ACTIVE_ARCH</key>
				<string>YES</string>
				<key>SDKROOT</key>
				<string>iphoneos</string>
				<key>TARGETED_DEVICE_FAMILY</key>
				<string>1,2</string>
			</dict>
			<key>isa</key>
			<string>XCBuildConfiguration</string>
			<key>name</key>
			<string>Debug</string>
		</dict>
		<key>42C1257E16CD78E800F0AAEF</key>
		<dict>
			<key>buildSettings</key>
			<dict>
				<key>ALWAYS_SEARCH_USER_PATHS</key>
				<string>NO</string>
				<key>CLANG_CXX_LANGUAGE_STANDARD</key>
				<string>gnu++0x</string>
				<key>CLANG_CXX_LIBRARY</key>
				<string>libc++</string>
				<key>CLANG_ENABLE_OBJC_ARC</key>
				<string>YES</string>
				<key>CLANG_WARN_EMPTY_BODY</key>
				<string>YES</string>
				<key>CLANG_WARN__DUPLICATE_METHOD_MATCH</key>
				<string>YES</string>
				<key>CODE_SIGN_IDENTITY[sdk=iphoneos*]</key>
				<string>iPhone Developer</string>
				<key>COPY_PHASE_STRIP</key>
				<string>YES</string>
				<key>GCC_C_LANGUAGE_STANDARD</key>
				<string>gnu99</string>
				<key>GCC_WARN_ABOUT_RETURN_TYPE</key>
				<string>YES</string>
				<key>GCC_WARN_UNINITIALIZED_AUTOS</key>
				<string>YES</string>
				<key>GCC_WARN_UNUSED_VARIABLE</key>
				<string>YES</string>
				<key>IPHONEOS_DEPLOYMENT_TARGET</key>
				<string>6.0</string>
				<key>OTHER_CFLAGS</key>
				<string>-DNS_BLOCK_ASSERTIONS=1</string>
				<key>SDKROOT</key>
				<string>iphoneos</string>
				<key>TARGETED_DEVICE_FAMILY</key>
				<string>1,2</string>
				<key>VALIDATE_PRODUCT</key>
				<string>YES</string>
			</dict>
			<key>isa</key>
			<string>XCBuildConfiguration</string>
			<key>name</key>
			<string>Release</string>
		</dict>
		<key>42C1257F16CD78E800F0AAEF</key>
		<dict>
			<key>buildConfigurations</key>
			<array>
				<string>42C1258016CD78E800F0AAEF</string>
				<string>42C1258116CD78E800F0AAEF</string>
			</array>
			<key>defaultConfigurationIsVisible</key>
			<string>0</string>
			<key>isa</key>
			<string>XCConfigurationList</string>
		</dict>
		<key>42C1258016CD78E800F0AAEF</key>
		<dict>
			<key>buildSettings</key>
			<dict>
				<key>GCC_PRECOMPILE_PREFIX_HEADER</key>
				<string>YES</string>
				<key>GCC_PREFIX_HEADER</key>
				<string>WKTParserExample/WKTParserExample-Prefix.pch</string>
				<key>INFOPLIST_FILE</key>
				<string>WKTParserExample/WKTParserExample-Info.plist</string>
				<key>PRODUCT_NAME</key>
				<string>$(TARGET_NAME)</string>
				<key>WRAPPER_EXTENSION</key>
				<string>app</string>
			</dict>
			<key>isa</key>
			<string>XCBuildConfiguration</string>
			<key>name</key>
			<string>Debug</string>
		</dict>
		<key>42C1258116CD78E800F0AAEF</key>
		<dict>
			<key>buildSettings</key>
			<dict>
				<key>GCC_PRECOMPILE_PREFIX_HEADER</key>
				<string>YES</string>
				<key>GCC_PREFIX_HEADER</key>
				<string>WKTParserExample/WKTParserExample-Prefix.pch</string>
				<key>INFOPLIST_FILE</key>
				<string>WKTParserExample/WKTParserExample-Info.plist</string>
				<key>PRODUCT_NAME</key>
				<string>$(TARGET_NAME)</string>
				<key>WRAPPER_EXTENSION</key>
				<string>app</string>
			</dict>
			<key>isa</key>
			<string>XCBuildConfiguration</string>
			<key>name</key>
			<string>Release</string>
		</dict>
		<key>42C1258216CD796600F0AAEF</key>
		<dict>
			<key>buildActionMask</key>
			<string>2147483647</string>
			<key>files</key>
			<array>
				<string>42C1259416CD796600F0AAEF</string>
			</array>
			<key>isa</key>
			<string>PBXSourcesBuildPhase</string>
			<key>runOnlyForDeploymentPostprocessing</key>
			<string>0</string>
		</dict>
		<key>42C1258316CD796600F0AAEF</key>
		<dict>
			<key>buildActionMask</key>
			<string>2147483647</string>
			<key>files</key>
			<array>
				<string>42C1258916CD796600F0AAEF</string>
				<string>42C1258A16CD796600F0AAEF</string>
				<string>42C1258B16CD796600F0AAEF</string>
				<string>9D498CBB04214D35914E4B44</string>
			</array>
			<key>isa</key>
			<string>PBXFrameworksBuildPhase</string>
			<key>runOnlyForDeploymentPostprocessing</key>
			<string>0</string>
		</dict>
		<key>42C1258416CD796600F0AAEF</key>
		<dict>
			<key>buildActionMask</key>
			<string>2147483647</string>
			<key>files</key>
			<array>
				<string>42C1259116CD796600F0AAEF</string>
			</array>
			<key>isa</key>
			<string>PBXResourcesBuildPhase</string>
			<key>runOnlyForDeploymentPostprocessing</key>
			<string>0</string>
		</dict>
		<key>42C1258516CD796600F0AAEF</key>
		<dict>
			<key>buildActionMask</key>
			<string>2147483647</string>
			<key>files</key>
			<array/>
			<key>inputPaths</key>
			<array/>
			<key>isa</key>
			<string>PBXShellScriptBuildPhase</string>
			<key>outputPaths</key>
			<array/>
			<key>runOnlyForDeploymentPostprocessing</key>
			<string>0</string>
			<key>shellPath</key>
			<string>/bin/sh</string>
			<key>shellScript</key>
			<string># Run the unit tests in this test bundle.
"${SYSTEM_DEVELOPER_DIR}/Tools/RunUnitTests"
</string>
		</dict>
		<key>42C1258616CD796600F0AAEF</key>
		<dict>
			<key>buildConfigurationList</key>
			<string>42C1259616CD796600F0AAEF</string>
			<key>buildPhases</key>
			<array>
				<string>42C1258216CD796600F0AAEF</string>
				<string>42C1258316CD796600F0AAEF</string>
				<string>42C1258416CD796600F0AAEF</string>
				<string>42C1258516CD796600F0AAEF</string>
				<string>614D537F024146CFB4B3E93A</string>
			</array>
			<key>buildRules</key>
			<array/>
			<key>dependencies</key>
			<array/>
			<key>isa</key>
			<string>PBXNativeTarget</string>
			<key>name</key>
			<string>WKTParserTest</string>
			<key>productName</key>
			<string>WKTParserTest</string>
			<key>productReference</key>
			<string>42C1258716CD796600F0AAEF</string>
			<key>productType</key>
			<string>com.apple.product-type.bundle</string>
		</dict>
		<key>42C1258716CD796600F0AAEF</key>
		<dict>
			<key>explicitFileType</key>
			<string>wrapper.cfbundle</string>
			<key>includeInIndex</key>
			<string>0</string>
			<key>isa</key>
			<string>PBXFileReference</string>
			<key>path</key>
			<string>WKTParserTest.octest</string>
			<key>sourceTree</key>
			<string>BUILT_PRODUCTS_DIR</string>
		</dict>
		<key>42C1258816CD796600F0AAEF</key>
		<dict>
			<key>isa</key>
			<string>PBXFileReference</string>
			<key>lastKnownFileType</key>
			<string>wrapper.framework</string>
			<key>name</key>
			<string>SenTestingKit.framework</string>
			<key>path</key>
			<string>Library/Frameworks/SenTestingKit.framework</string>
			<key>sourceTree</key>
			<string>DEVELOPER_DIR</string>
		</dict>
		<key>42C1258916CD796600F0AAEF</key>
		<dict>
			<key>fileRef</key>
			<string>42C1258816CD796600F0AAEF</string>
			<key>isa</key>
			<string>PBXBuildFile</string>
		</dict>
		<key>42C1258A16CD796600F0AAEF</key>
		<dict>
			<key>fileRef</key>
			<string>42C1256516CD78E800F0AAEF</string>
			<key>isa</key>
			<string>PBXBuildFile</string>
		</dict>
		<key>42C1258B16CD796600F0AAEF</key>
		<dict>
			<key>fileRef</key>
			<string>42C1256716CD78E800F0AAEF</string>
			<key>isa</key>
			<string>PBXBuildFile</string>
		</dict>
		<key>42C1258C16CD796600F0AAEF</key>
		<dict>
			<key>children</key>
			<array>
				<string>42C1259216CD796600F0AAEF</string>
				<string>42C1259316CD796600F0AAEF</string>
				<string>42C1258D16CD796600F0AAEF</string>
			</array>
			<key>isa</key>
			<string>PBXGroup</string>
			<key>path</key>
			<string>WKTParserTest</string>
			<key>sourceTree</key>
			<string>&lt;group&gt;</string>
		</dict>
		<key>42C1258D16CD796600F0AAEF</key>
		<dict>
			<key>children</key>
			<array>
				<string>42C1258E16CD796600F0AAEF</string>
				<string>42C1258F16CD796600F0AAEF</string>
				<string>42C1259516CD796600F0AAEF</string>
			</array>
			<key>isa</key>
			<string>PBXGroup</string>
			<key>name</key>
			<string>Supporting Files</string>
			<key>sourceTree</key>
			<string>&lt;group&gt;</string>
		</dict>
		<key>42C1258E16CD796600F0AAEF</key>
		<dict>
			<key>isa</key>
			<string>PBXFileReference</string>
			<key>lastKnownFileType</key>
			<string>text.plist.xml</string>
			<key>path</key>
			<string>WKTParserTest-Info.plist</string>
			<key>sourceTree</key>
			<string>&lt;group&gt;</string>
		</dict>
		<key>42C1258F16CD796600F0AAEF</key>
		<dict>
			<key>children</key>
			<array>
				<string>42C1259016CD796600F0AAEF</string>
			</array>
			<key>isa</key>
			<string>PBXVariantGroup</string>
			<key>name</key>
			<string>InfoPlist.strings</string>
			<key>sourceTree</key>
			<string>&lt;group&gt;</string>
		</dict>
		<key>42C1259016CD796600F0AAEF</key>
		<dict>
			<key>isa</key>
			<string>PBXFileReference</string>
			<key>lastKnownFileType</key>
			<string>text.plist.strings</string>
			<key>name</key>
			<string>en</string>
			<key>path</key>
			<string>en.lproj/InfoPlist.strings</string>
			<key>sourceTree</key>
			<string>&lt;group&gt;</string>
		</dict>
		<key>42C1259116CD796600F0AAEF</key>
		<dict>
			<key>fileRef</key>
			<string>42C1258F16CD796600F0AAEF</string>
			<key>isa</key>
			<string>PBXBuildFile</string>
		</dict>
		<key>42C1259216CD796600F0AAEF</key>
		<dict>
			<key>isa</key>
			<string>PBXFileReference</string>
			<key>lastKnownFileType</key>
			<string>sourcecode.c.h</string>
			<key>path</key>
			<string>WKTParserTest.h</string>
			<key>sourceTree</key>
			<string>&lt;group&gt;</string>
		</dict>
		<key>42C1259316CD796600F0AAEF</key>
		<dict>
			<key>isa</key>
			<string>PBXFileReference</string>
			<key>lastKnownFileType</key>
			<string>sourcecode.c.objc</string>
			<key>path</key>
			<string>WKTParserTest.m</string>
			<key>sourceTree</key>
			<string>&lt;group&gt;</string>
		</dict>
		<key>42C1259416CD796600F0AAEF</key>
		<dict>
			<key>fileRef</key>
			<string>42C1259316CD796600F0AAEF</string>
			<key>isa</key>
			<string>PBXBuildFile</string>
		</dict>
		<key>42C1259516CD796600F0AAEF</key>
		<dict>
			<key>isa</key>
			<string>PBXFileReference</string>
			<key>lastKnownFileType</key>
			<string>sourcecode.c.h</string>
			<key>path</key>
			<string>WKTParserTest-Prefix.pch</string>
			<key>sourceTree</key>
			<string>&lt;group&gt;</string>
		</dict>
		<key>42C1259616CD796600F0AAEF</key>
		<dict>
			<key>buildConfigurations</key>
			<array>
				<string>42C1259716CD796600F0AAEF</string>
				<string>42C1259816CD796600F0AAEF</string>
			</array>
			<key>defaultConfigurationIsVisible</key>
			<string>0</string>
			<key>isa</key>
			<string>XCConfigurationList</string>
		</dict>
		<key>42C1259716CD796600F0AAEF</key>
		<dict>
			<key>baseConfigurationReference</key>
			<string>C7724BA7BFC7420C893585B7</string>
			<key>buildSettings</key>
			<dict>
				<key>FRAMEWORK_SEARCH_PATHS</key>
				<array>
					<string>"$(SDKROOT)/Developer/Library/Frameworks"</string>
					<string>"$(DEVELOPER_LIBRARY_DIR)/Frameworks"</string>
				</array>
				<key>GCC_PRECOMPILE_PREFIX_HEADER</key>
				<string>YES</string>
				<key>GCC_PREFIX_HEADER</key>
				<string>WKTParserTest/WKTParserTest-Prefix.pch</string>
				<key>INFOPLIST_FILE</key>
				<string>WKTParserTest/WKTParserTest-Info.plist</string>
				<key>PRODUCT_NAME</key>
				<string>$(TARGET_NAME)</string>
				<key>WRAPPER_EXTENSION</key>
				<string>octest</string>
			</dict>
			<key>isa</key>
			<string>XCBuildConfiguration</string>
			<key>name</key>
			<string>Debug</string>
		</dict>
		<key>42C1259816CD796600F0AAEF</key>
		<dict>
			<key>baseConfigurationReference</key>
			<string>C7724BA7BFC7420C893585B7</string>
			<key>buildSettings</key>
			<dict>
				<key>FRAMEWORK_SEARCH_PATHS</key>
				<array>
					<string>"$(SDKROOT)/Developer/Library/Frameworks"</string>
					<string>"$(DEVELOPER_LIBRARY_DIR)/Frameworks"</string>
				</array>
				<key>GCC_PRECOMPILE_PREFIX_HEADER</key>
				<string>YES</string>
				<key>GCC_PREFIX_HEADER</key>
				<string>WKTParserTest/WKTParserTest-Prefix.pch</string>
				<key>INFOPLIST_FILE</key>
				<string>WKTParserTest/WKTParserTest-Info.plist</string>
				<key>PRODUCT_NAME</key>
				<string>$(TARGET_NAME)</string>
				<key>WRAPPER_EXTENSION</key>
				<string>octest</string>
			</dict>
			<key>isa</key>
			<string>XCBuildConfiguration</string>
			<key>name</key>
			<string>Release</string>
		</dict>
		<key>614D537F024146CFB4B3E93A</key>
		<dict>
			<key>buildActionMask</key>
			<string>2147483647</string>
			<key>files</key>
			<array/>
			<key>inputPaths</key>
			<array/>
			<key>isa</key>
			<string>PBXShellScriptBuildPhase</string>
			<key>name</key>
			<string>Copy Pods Resources</string>
			<key>outputPaths</key>
			<array/>
			<key>runOnlyForDeploymentPostprocessing</key>
			<string>0</string>
			<key>shellPath</key>
			<string>/bin/sh</string>
			<key>shellScript</key>
			<string>"${SRCROOT}/Pods/Pods-WKTParserTest-resources.sh"
</string>
			<key>showEnvVarsInLog</key>
			<string>1</string>
		</dict>
		<key>9D498CBB04214D35914E4B44</key>
		<dict>
			<key>fileRef</key>
			<string>234921258013433DADB4A692</string>
			<key>isa</key>
			<string>PBXBuildFile</string>
			<key>settings</key>
			<dict/>
		</dict>
		<key>C7724BA7BFC7420C893585B7</key>
		<dict>
			<key>includeInIndex</key>
			<string>1</string>
			<key>isa</key>
			<string>PBXFileReference</string>
			<key>lastKnownFileType</key>
			<string>text.xcconfig</string>
			<key>name</key>
			<string>Pods-WKTParserTest.xcconfig</string>
			<key>path</key>
			<string>Pods/Pods-WKTParserTest.xcconfig</string>
			<key>sourceTree</key>
			<string>SOURCE_ROOT</string>
		</dict>
	</dict>
	<key>rootObject</key>
	<string>42C1255816CD78E800F0AAEF</string>
</dict>
</plist>
